
Microsoft Visual Studio Solution File, Format Version 12.00
# Visual Studio Version 17
VisualStudioVersion = 17.4.33213.308
MinimumVisualStudioVersion = 10.0.40219.1
Project("{FAE04EC0-301F-11D3-BF4B-00C04F79EFBC}") = "TestProjectJan23", "TestProjectJan23\TestProjectJan23.csproj", "{DC70C81C-EAF9-4FAE-9217-2A4F71B2B957}"
EndProject
Global
	GlobalSection(SolutionConfigurationPlatforms) = preSolution
		Debug|Any CPU = Debug|Any CPU
		Release|Any CPU = Release|Any CPU
	EndGlobalSection
	GlobalSection(ProjectConfigurationPlatforms) = postSolution
		{DC70C81C-EAF9-4FAE-9217-2A4F71B2B957}.Debug|Any CPU.ActiveCfg = Debug|Any CPU
		{DC70C81C-EAF9-4FAE-9217-2A4F71B2B957}.Debug|Any CPU.Build.0 = Debug|Any CPU
		{DC70C81C-EAF9-4FAE-9217-2A4F71B2B957}.Release|Any CPU.ActiveCfg = Release|Any CPU
		{DC70C81C-EAF9-4FAE-9217-2A4F71B2B957}.Release|Any CPU.Build.0 = Release|Any CPU
	EndGlobalSection
	GlobalSection(SolutionProperties) = preSolution
		HideSolutionNode = FALSE
	EndGlobalSection
	GlobalSection(ExtensibilityGlobals) = postSolution
		SolutionGuid = {8B8BB200-42EC-4B7A-80DB-5B5E6B3AB2A0}
	EndGlobalSection
EndGlobal
